// !$*UTF8*$!
{
	archiveVersion = 1;
	classes = {
	};
	objectVersion = 56;
	objects = {

/* Begin PBXBuildFile section */
		BCB6CB77298998BC00CFCE22 /* BarcodeReaderApp.swift in Sources */ = {isa = PBXBuildFile; fileRef = BCB6CB76298998BC00CFCE22 /* BarcodeReaderApp.swift */; };
		BCB6CB79298998BC00CFCE22 /* BarcodeReaderView.swift in Sources */ = {isa = PBXBuildFile; fileRef = BCB6CB78298998BC00CFCE22 /* BarcodeReaderView.swift */; };
		BCB6CB7B298998BE00CFCE22 /* Assets.xcassets in Resources */ = {isa = PBXBuildFile; fileRef = BCB6CB7A298998BE00CFCE22 /* Assets.xcassets */; };
		BCB6CB7E298998BE00CFCE22 /* Preview Assets.xcassets in Resources */ = {isa = PBXBuildFile; fileRef = BCB6CB7D298998BE00CFCE22 /* Preview Assets.xcassets */; };
		BCB6CB85298ABA7600CFCE22 /* ScannerVC.swift in Sources */ = {isa = PBXBuildFile; fileRef = BCB6CB84298ABA7500CFCE22 /* ScannerVC.swift */; };
		BCB6CB87298AE4C400CFCE22 /* CameraErrors.swift in Sources */ = {isa = PBXBuildFile; fileRef = BCB6CB86298AE4C400CFCE22 /* CameraErrors.swift */; };
/* End PBXBuildFile section */

/* Begin PBXFileReference section */
		BCB6CB73298998BC00CFCE22 /* BarcodeReader.app */ = {isa = PBXFileReference; explicitFileType = wrapper.application; includeInIndex = 0; path = BarcodeReader.app; sourceTree = BUILT_PRODUCTS_DIR; };
		BCB6CB76298998BC00CFCE22 /* BarcodeReaderApp.swift */ = {isa = PBXFileReference; lastKnownFileType = sourcecode.swift; path = BarcodeReaderApp.swift; sourceTree = "<group>"; };
		BCB6CB78298998BC00CFCE22 /* BarcodeReaderView.swift */ = {isa = PBXFileReference; lastKnownFileType = sourcecode.swift; path = BarcodeReaderView.swift; sourceTree = "<group>"; };
		BCB6CB7A298998BE00CFCE22 /* Assets.xcassets */ = {isa = PBXFileReference; lastKnownFileType = folder.assetcatalog; path = Assets.xcassets; sourceTree = "<group>"; };
		BCB6CB7D298998BE00CFCE22 /* Preview Assets.xcassets */ = {isa = PBXFileReference; lastKnownFileType = folder.assetcatalog; path = "Preview Assets.xcassets"; sourceTree = "<group>"; };
		BCB6CB84298ABA7500CFCE22 /* ScannerVC.swift */ = {isa = PBXFileReference; lastKnownFileType = sourcecode.swift; path = ScannerVC.swift; sourceTree = "<group>"; };
		BCB6CB86298AE4C400CFCE22 /* CameraErrors.swift */ = {isa = PBXFileReference; lastKnownFileType = sourcecode.swift; path = CameraErrors.swift; sourceTree = "<group>"; };
/* End PBXFileReference section */

/* Begin PBXFrameworksBuildPhase section */
		BCB6CB70298998BC00CFCE22 /* Frameworks */ = {
			isa = PBXFrameworksBuildPhase;
			buildActionMask = 2147483647;
			files = (
			);
			runOnlyForDeploymentPostprocessing = 0;
		};
/* End PBXFrameworksBuildPhase section */

/* Begin PBXGroup section */
		BCB6CB6A298998BC00CFCE22 = {
			isa = PBXGroup;
			children = (
				BCB6CB75298998BC00CFCE22 /* BarcodeReader */,
				BCB6CB74298998BC00CFCE22 /* Products */,
			);
			sourceTree = "<group>";
		};
		BCB6CB74298998BC00CFCE22 /* Products */ = {
			isa = PBXGroup;
			children = (
				BCB6CB73298998BC00CFCE22 /* BarcodeReader.app */,
			);
			name = Products;
			sourceTree = "<group>";
		};
		BCB6CB75298998BC00CFCE22 /* BarcodeReader */ = {
			isa = PBXGroup;
			children = (
				BCB6CB76298998BC00CFCE22 /* BarcodeReaderApp.swift */,
				BCB6CB78298998BC00CFCE22 /* BarcodeReaderView.swift */,
				BCB6CB84298ABA7500CFCE22 /* ScannerVC.swift */,
				BCB6CB86298AE4C400CFCE22 /* CameraErrors.swift */,
				BCB6CB7A298998BE00CFCE22 /* Assets.xcassets */,
				BCB6CB7C298998BE00CFCE22 /* Preview Content */,
			);
			path = BarcodeReader;
			sourceTree = "<group>";
		};
		BCB6CB7C298998BE00CFCE22 /* Preview Content */ = {
			isa = PBXGroup;
			children = (
				BCB6CB7D298998BE00CFCE22 /* Preview Assets.xcassets */,
			);
			path = "Preview Content";
			sourceTree = "<group>";
		};
/* End PBXGroup section */

/* Begin PBXNativeTarget section */
		BCB6CB72298998BC00CFCE22 /* BarcodeReader */ = {
			isa = PBXNativeTarget;
			buildConfigurationList = BCB6CB81298998BE00CFCE22 /* Build configuration list for PBXNativeTarget "BarcodeReader" */;
			buildPhases = (
				BCB6CB6F298998BC00CFCE22 /* Sources */,
				BCB6CB70298998BC00CFCE22 /* Frameworks */,
				BCB6CB71298998BC00CFCE22 /* Resources */,
			);
			buildRules = (
			);
			dependencies = (
			);
			name = BarcodeReader;
			productName = BarcodeReader;
			productReference = BCB6CB73298998BC00CFCE22 /* BarcodeReader.app */;
			productType = "com.apple.product-type.application";
		};
/* End PBXNativeTarget section */

/* Begin PBXProject section */
		BCB6CB6B298998BC00CFCE22 /* Project object */ = {
			isa = PBXProject;
			attributes = {
				BuildIndependentTargetsInParallel = 1;
				LastSwiftUpdateCheck = 1420;
				LastUpgradeCheck = 1420;
				TargetAttributes = {
					BCB6CB72298998BC00CFCE22 = {
						CreatedOnToolsVersion = 14.2;
					};
				};
			};
			buildConfigurationList = BCB6CB6E298998BC00CFCE22 /* Build configuration list for PBXProject "BarcodeReader" */;
			compatibilityVersion = "Xcode 14.0";
			developmentRegion = en;
			hasScannedForEncodings = 0;
			knownRegions = (
				en,
				Base,
			);
			mainGroup = BCB6CB6A298998BC00CFCE22;
			productRefGroup = BCB6CB74298998BC00CFCE22 /* Products */;
			projectDirPath = "";
			projectRoot = "";
			targets = (
				BCB6CB72298998BC00CFCE22 /* BarcodeReader */,
			);
		};
/* End PBXProject section */

/* Begin PBXResourcesBuildPhase section */
		BCB6CB71298998BC00CFCE22 /* Resources */ = {
			isa = PBXResourcesBuildPhase;
			buildActionMask = 2147483647;
			files = (
				BCB6CB7E298998BE00CFCE22 /* Preview Assets.xcassets in Resources */,
				BCB6CB7B298998BE00CFCE22 /* Assets.xcassets in Resources */,
			);
			runOnlyForDeploymentPostprocessing = 0;
		};
/* End PBXResourcesBuildPhase section */

/* Begin PBXSourcesBuildPhase section */
		BCB6CB6F298998BC00CFCE22 /* Sources */ = {
			isa = PBXSourcesBuildPhase;
			buildActionMask = 2147483647;
			files = (
				BCB6CB85298ABA7600CFCE22 /* ScannerVC.swift in Sources */,
				BCB6CB79298998BC00CFCE22 /* BarcodeReaderView.swift in Sources */,
				BCB6CB77298998BC00CFCE22 /* BarcodeReaderApp.swift in Sources */,
				BCB6CB87298AE4C400CFCE22 /* CameraErrors.swift in Sources */,
			);
			runOnlyForDeploymentPostprocessing = 0;
		};
/* End PBXSourcesBuildPhase section */

/* Begin XCBuildConfiguration section */
		BCB6CB7F298998BE00CFCE22 /* Debug */ = {
			isa = XCBuildConfiguration;
			buildSettings = {
				ALWAYS_SEARCH_USER_PATHS = NO;
				CLANG_ANALYZER_NONNULL = YES;
				CLANG_ANALYZER_NUMBER_OBJECT_CONVERSION = YES_AGGRESSIVE;
				CLANG_CXX_LANGUAGE_STANDARD = "gnu++20";
				CLANG_ENABLE_MODULES = YES;
				CLANG_ENABLE_OBJC_ARC = YES;
				CLANG_ENABLE_OBJC_WEAK = YES;
				CLANG_WARN_BLOCK_CAPTURE_AUTORELEASING = YES;
				CLANG_WARN_BOOL_CONVERSION = YES;
				CLANG_WARN_COMMA = YES;
				CLANG_WARN_CONSTANT_CONVERSION = YES;
				CLANG_WARN_DEPRECATED_OBJC_IMPLEMENTATIONS = YES;
				CLANG_WARN_DIRECT_OBJC_ISA_USAGE = YES_ERROR;
				CLANG_WARN_DOCUMENTATION_COMMENTS = YES;
				CLANG_WARN_EMPTY_BODY = YES;
				CLANG_WARN_ENUM_CONVERSION = YES;
				CLANG_WARN_INFINITE_RECURSION = YES;
				CLANG_WARN_INT_CONVERSION = YES;
				CLANG_WARN_NON_LITERAL_NULL_CONVERSION = YES;
				CLANG_WARN_OBJC_IMPLICIT_RETAIN_SELF = YES;
				CLANG_WARN_OBJC_LITERAL_CONVERSION = YES;
				CLANG_WARN_OBJC_ROOT_CLASS = YES_ERROR;
				CLANG_WARN_QUOTED_INCLUDE_IN_FRAMEWORK_HEADER = YES;
				CLANG_WARN_RANGE_LOOP_ANALYSIS = YES;
				CLANG_WARN_STRICT_PROTOTYPES = YES;
				CLANG_WARN_SUSPICIOUS_MOVE = YES;
				CLANG_WARN_UNGUARDED_AVAILABILITY = YES_AGGRESSIVE;
				CLANG_WARN_UNREACHABLE_CODE = YES;
				CLANG_WARN__DUPLICATE_METHOD_MATCH = YES;
				COPY_PHASE_STRIP = NO;
				DEBUG_INFORMATION_FORMAT = dwarf;
				ENABLE_STRICT_OBJC_MSGSEND = YES;
				ENABLE_TESTABILITY = YES;
				GCC_C_LANGUAGE_STANDARD = gnu11;
				GCC_DYNAMIC_NO_PIC = NO;
				GCC_NO_COMMON_BLOCKS = YES;
				GCC_OPTIMIZATION_LEVEL = 0;
				GCC_PREPROCESSOR_DEFINITIONS = (
					"DEBUG=1",
					"$(inherited)",
				);
				GCC_WARN_64_TO_32_BIT_CONVERSION = YES;
				GCC_WARN_ABOUT_RETURN_TYPE = YES_ERROR;
				GCC_WARN_UNDECLARED_SELECTOR = YES;
				GCC_WARN_UNINITIALIZED_AUTOS = YES_AGGRESSIVE;
				GCC_WARN_UNUSED_FUNCTION = YES;
				GCC_WARN_UNUSED_VARIABLE = YES;
				IPHONEOS_DEPLOYMENT_TARGET = 16.2;
				MTL_ENABLE_DEBUG_INFO = INCLUDE_SOURCE;
				MTL_FAST_MATH = YES;
				ONLY_ACTIVE_ARCH = YES;
				SDKROOT = iphoneos;
				SWIFT_ACTIVE_COMPILATION_CONDITIONS = DEBUG;
				SWIFT_OPTIMIZATION_LEVEL = "-Onone";
			};
			name = Debug;
		};
		BCB6CB80298998BE00CFCE22 /* Release */ = {
			isa = XCBuildConfiguration;
			buildSettings = {
				ALWAYS_SEARCH_USER_PATHS = NO;
				CLANG_ANALYZER_NONNULL = YES;
				CLANG_ANALYZER_NUMBER_OBJECT_CONVERSION = YES_AGGRESSIVE;
				CLANG_CXX_LANGUAGE_STANDARD = "gnu++20";
				CLANG_ENABLE_MODULES = YES;
				CLANG_ENABLE_OBJC_ARC = YES;
				CLANG_ENABLE_OBJC_WEAK = YES;
				CLANG_WARN_BLOCK_CAPTURE_AUTORELEASING = YES;
				CLANG_WARN_BOOL_CONVERSION = YES;
				CLANG_WARN_COMMA = YES;
				CLANG_WARN_CONSTANT_CONVERSION = YES;
				CLANG_WARN_DEPRECATED_OBJC_IMPLEMENTATIONS = YES;
				CLANG_WARN_DIRECT_OBJC_ISA_USAGE = YES_ERROR;
				CLANG_WARN_DOCUMENTATION_COMMENTS = YES;
				CLANG_WARN_EMPTY_BODY = YES;
				CLANG_WARN_ENUM_CONVERSION = YES;
				CLANG_WARN_INFINITE_RECURSION = YES;
				CLANG_WARN_INT_CONVERSION = YES;
				CLANG_WARN_NON_LITERAL_NULL_CONVERSION = YES;
				CLANG_WARN_OBJC_IMPLICIT_RETAIN_SELF = YES;
				CLANG_WARN_OBJC_LITERAL_CONVERSION = YES;
				CLANG_WARN_OBJC_ROOT_CLASS = YES_ERROR;
				CLANG_WARN_QUOTED_INCLUDE_IN_FRAMEWORK_HEADER = YES;
				CLANG_WARN_RANGE_LOOP_ANALYSIS = YES;
				CLANG_WARN_STRICT_PROTOTYPES = YES;
				CLANG_WARN_SUSPICIOUS_MOVE = YES;
				CLANG_WARN_UNGUARDED_AVAILABILITY = YES_AGGRESSIVE;
				CLANG_WARN_UNREACHABLE_CODE = YES;
				CLANG_WARN__DUPLICATE_METHOD_MATCH = YES;
				COPY_PHASE_STRIP = NO;
				DEBUG_INFORMATION_FORMAT = "dwarf-with-dsym";
				ENABLE_NS_ASSERTIONS = NO;
				ENABLE_STRICT_OBJC_MSGSEND = YES;
				GCC_C_LANGUAGE_STANDARD = gnu11;
				GCC_NO_COMMON_BLOCKS = YES;
				GCC_WARN_64_TO_32_BIT_CONVERSION = YES;
				GCC_WARN_ABOUT_RETURN_TYPE = YES_ERROR;
				GCC_WARN_UNDECLARED_SELECTOR = YES;
				GCC_WARN_UNINITIALIZED_AUTOS = YES_AGGRESSIVE;
				GCC_WARN_UNUSED_FUNCTION = YES;
				GCC_WARN_UNUSED_VARIABLE = YES;
				IPHONEOS_DEPLOYMENT_TARGET = 16.2;
				MTL_ENABLE_DEBUG_INFO = NO;
				MTL_FAST_MATH = YES;
				SDKROOT = iphoneos;
				SWIFT_COMPILATION_MODE = wholemodule;
				SWIFT_OPTIMIZATION_LEVEL = "-O";
				VALIDATE_PRODUCT = YES;
			};
			name = Release;
		};
		BCB6CB82298998BE00CFCE22 /* Debug */ = {
			isa = XCBuildConfiguration;
			buildSettings = {
				ASSETCATALOG_COMPILER_APPICON_NAME = AppIcon;
				ASSETCATALOG_COMPILER_GLOBAL_ACCENT_COLOR_NAME = AccentColor;
				CODE_SIGN_STYLE = Automatic;
				CURRENT_PROJECT_VERSION = 1;
				DEVELOPMENT_ASSET_PATHS = "\"BarcodeReader/Preview Content\"";
				DEVELOPMENT_TEAM = K33FXWL25N;
				ENABLE_PREVIEWS = YES;
				GENERATE_INFOPLIST_FILE = YES;
				INFOPLIST_KEY_NSCameraUsageDescription = "Confirme using the camera to scan the barcode";
				INFOPLIST_KEY_UIApplicationSceneManifest_Generation = YES;
				INFOPLIST_KEY_UIApplicationSupportsIndirectInputEvents = YES;
				INFOPLIST_KEY_UILaunchScreen_Generation = YES;
				INFOPLIST_KEY_UISupportedInterfaceOrientations_iPad = "UIInterfaceOrientationPortrait UIInterfaceOrientationPortraitUpsideDown UIInterfaceOrientationLandscapeLeft UIInterfaceOrientationLandscapeRight";
				INFOPLIST_KEY_UISupportedInterfaceOrientations_iPhone = "UIInterfaceOrientationPortrait UIInterfaceOrientationLandscapeLeft UIInterfaceOrientationLandscapeRight";
				LD_RUNPATH_SEARCH_PATHS = (
					"$(inherited)",
					"@executable_path/Frameworks",
				);
				MARKETING_VERSION = 1.0;
				PRODUCT_BUNDLE_IDENTIFIER = com.anatolii.ostapenko.BarcodeReader;
				PRODUCT_NAME = "$(TARGET_NAME)";
				SWIFT_EMIT_LOC_STRINGS = YES;
				SWIFT_VERSION = 5.0;
				TARGETED_DEVICE_FAMILY = "1,2";
			};
			name = Debug;
		};
		BCB6CB83298998BE00CFCE22 /* Release */ = {
			isa = XCBuildConfiguration;
			buildSettings = {
				ASSETCATALOG_COMPILER_APPICON_NAME = AppIcon;
				ASSETCATALOG_COMPILER_GLOBAL_ACCENT_COLOR_NAME = AccentColor;
				CODE_SIGN_STYLE = Automatic;
				CURRENT_PROJECT_VERSION = 1;
				DEVELOPMENT_ASSET_PATHS = "\"BarcodeReader/Preview Content\"";
				DEVELOPMENT_TEAM = K33FXWL25N;
				ENABLE_PREVIEWS = YES;
				GENERATE_INFOPLIST_FILE = YES;
				INFOPLIST_KEY_NSCameraUsageDescription = "Confirme using the camera to scan the barcode";
				INFOPLIST_KEY_UIApplicationSceneManifest_Generation = YES;
				INFOPLIST_KEY_UIApplicationSupportsIndirectInputEvents = YES;
				INFOPLIST_KEY_UILaunchScreen_Generation = YES;
				INFOPLIST_KEY_UISupportedInterfaceOrientations_iPad = "UIInterfaceOrientationPortrait UIInterfaceOrientationPortraitUpsideDown UIInterfaceOrientationLandscapeLeft UIInterfaceOrientationLandscapeRight";
				INFOPLIST_KEY_UISupportedInterfaceOrientations_iPhone = "UIInterfaceOrientationPortrait UIInterfaceOrientationLandscapeLeft UIInterfaceOrientationLandscapeRight";
				LD_RUNPATH_SEARCH_PATHS = (
					"$(inherited)",
					"@executable_path/Frameworks",
				);
				MARKETING_VERSION = 1.0;
				PRODUCT_BUNDLE_IDENTIFIER = com.anatolii.ostapenko.BarcodeReader;
				PRODUCT_NAME = "$(TARGET_NAME)";
				SWIFT_EMIT_LOC_STRINGS = YES;
				SWIFT_VERSION = 5.0;
				TARGETED_DEVICE_FAMILY = "1,2";
			};
			name = Release;
		};
/* End XCBuildConfiguration section */

/* Begin XCConfigurationList section */
		BCB6CB6E298998BC00CFCE22 /* Build configuration list for PBXProject "BarcodeReader" */ = {
			isa = XCConfigurationList;
			buildConfigurations = (
				BCB6CB7F298998BE00CFCE22 /* Debug */,
				BCB6CB80298998BE00CFCE22 /* Release */,
			);
			defaultConfigurationIsVisible = 0;
			defaultConfigurationName = Release;
		};
		BCB6CB81298998BE00CFCE22 /* Build configuration list for PBXNativeTarget "BarcodeReader" */ = {
			isa = XCConfigurationList;
			buildConfigurations = (
				BCB6CB82298998BE00CFCE22 /* Debug */,
				BCB6CB83298998BE00CFCE22 /* Release */,
			);
			defaultConfigurationIsVisible = 0;
			defaultConfigurationName = Release;
		};
/* End XCConfigurationList section */
	};
	rootObject = BCB6CB6B298998BC00CFCE22 /* Project object */;
}
